
Microsoft Visual Studio Solution File, Format Version 12.00
# Visual Studio Version 16
VisualStudioVersion = 16.0.31410.357
MinimumVisualStudioVersion = 10.0.40219.1
Project("{FAE04EC0-301F-11D3-BF4B-00C04F79EFBC}") = "connectionsToPOS", "connectionsToPOS.csproj", "{5A6C250F-FEE2-433A-871E-178B403DB97A}"
EndProject
Global
	GlobalSection(SolutionConfigurationPlatforms) = preSolution
		Debug|Any CPU = Debug|Any CPU
		Release|Any CPU = Release|Any CPU
	EndGlobalSection
	GlobalSection(ProjectConfigurationPlatforms) = postSolution
		{5A6C250F-FEE2-433A-871E-178B403DB97A}.Debug|Any CPU.ActiveCfg = Debug|Any CPU
		{5A6C250F-FEE2-433A-871E-178B403DB97A}.Debug|Any CPU.Build.0 = Debug|Any CPU
		{5A6C250F-FEE2-433A-871E-178B403DB97A}.Release|Any CPU.ActiveCfg = Release|Any CPU
		{5A6C250F-FEE2-433A-871E-178B403DB97A}.Release|Any CPU.Build.0 = Release|Any CPU
	EndGlobalSection
	GlobalSection(SolutionProperties) = preSolution
		HideSolutionNode = FALSE
	EndGlobalSection
	GlobalSection(ExtensibilityGlobals) = postSolution
		SolutionGuid = {BAF8A9B5-F249-4059-8821-C7B94E744811}
	EndGlobalSection
EndGlobal
